
Microsoft Visual Studio Solution File, Format Version 12.00
# Visual Studio Version 17
VisualStudioVersion = 17.0.32014.148
MinimumVisualStudioVersion = 10.0.40219.1
Project("{FAE04EC0-301F-11D3-BF4B-00C04F79EFBC}") = "TFTBuilder", "TFTBuilder\TFTBuilder.csproj", "{B7740A9F-DD23-4B65-B459-776E54710EE2}"
EndProject
Global
	GlobalSection(SolutionConfigurationPlatforms) = preSolution
		Debug|Any CPU = Debug|Any CPU
		Release|Any CPU = Release|Any CPU
	EndGlobalSection
	GlobalSection(ProjectConfigurationPlatforms) = postSolution
		{B7740A9F-DD23-4B65-B459-776E54710EE2}.Debug|Any CPU.ActiveCfg = Debug|Any CPU
		{B7740A9F-DD23-4B65-B459-776E54710EE2}.Debug|Any CPU.Build.0 = Debug|Any CPU
		{B7740A9F-DD23-4B65-B459-776E54710EE2}.Release|Any CPU.ActiveCfg = Release|Any CPU
		{B7740A9F-DD23-4B65-B459-776E54710EE2}.Release|Any CPU.Build.0 = Release|Any CPU
	EndGlobalSection
	GlobalSection(SolutionProperties) = preSolution
		HideSolutionNode = FALSE
	EndGlobalSection
	GlobalSection(ExtensibilityGlobals) = postSolution
		SolutionGuid = {7485C615-1283-4794-A81C-DB3F990058DC}
	EndGlobalSection
EndGlobal
